
Microsoft Visual Studio Solution File, Format Version 12.00
# Visual Studio Version 17
VisualStudioVersion = 17.3.32929.385
MinimumVisualStudioVersion = 10.0.40219.1
Project("{FAE04EC0-301F-11D3-BF4B-00C04F79EFBC}") = "EncodingChanger", "EncodingChanger\EncodingChanger.csproj", "{B2EF50B9-76AD-4BE5-AE28-B508954EAD76}"
EndProject
Global
	GlobalSection(SolutionConfigurationPlatforms) = preSolution
		Debug|Any CPU = Debug|Any CPU
		Release|Any CPU = Release|Any CPU
	EndGlobalSection
	GlobalSection(ProjectConfigurationPlatforms) = postSolution
		{B2EF50B9-76AD-4BE5-AE28-B508954EAD76}.Debug|Any CPU.ActiveCfg = Debug|Any CPU
		{B2EF50B9-76AD-4BE5-AE28-B508954EAD76}.Debug|Any CPU.Build.0 = Debug|Any CPU
		{B2EF50B9-76AD-4BE5-AE28-B508954EAD76}.Release|Any CPU.ActiveCfg = Release|Any CPU
		{B2EF50B9-76AD-4BE5-AE28-B508954EAD76}.Release|Any CPU.Build.0 = Release|Any CPU
	EndGlobalSection
	GlobalSection(SolutionProperties) = preSolution
		HideSolutionNode = FALSE
	EndGlobalSection
	GlobalSection(ExtensibilityGlobals) = postSolution
		SolutionGuid = {E3A1D37F-03EB-424C-8A32-02AB945022D0}
	EndGlobalSection
EndGlobal
